// !$*UTF8*$!
{
	archiveVersion = 1;
	classes = {
	};
	objectVersion = 56;
	objects = {

/* Begin PBXBuildFile section */
		B36423D92BD25AD8001F7DF0 /* ElcademyTarget.swift in Sources */ = {isa = PBXBuildFile; fileRef = B36423D82BD25AD8001F7DF0 /* ElcademyTarget.swift */; };
		B36423DB2BD25AEB001F7DF0 /* NetworkError.swift in Sources */ = {isa = PBXBuildFile; fileRef = B36423DA2BD25AEB001F7DF0 /* NetworkError.swift */; };
		B36423DD2BD2630D001F7DF0 /* Array+.swift in Sources */ = {isa = PBXBuildFile; fileRef = B36423DC2BD2630D001F7DF0 /* Array+.swift */; };
		B36423DF2BD29E8A001F7DF0 /* CardListSectionItem.swift in Sources */ = {isa = PBXBuildFile; fileRef = B36423DE2BD29E8A001F7DF0 /* CardListSectionItem.swift */; };
		B38A8E2C2BD1FA5D00C7A776 /* Color+.swift in Sources */ = {isa = PBXBuildFile; fileRef = B38A8E2B2BD1FA5D00C7A776 /* Color+.swift */; };
		B38A8E2E2BD1FBE900C7A776 /* CardListSection.swift in Sources */ = {isa = PBXBuildFile; fileRef = B38A8E2D2BD1FBE900C7A776 /* CardListSection.swift */; };
		B38A8E302BD2024100C7A776 /* Card.swift in Sources */ = {isa = PBXBuildFile; fileRef = B38A8E2F2BD2024100C7A776 /* Card.swift */; };
		B38A8E352BD2436F00C7A776 /* MarkdownUI in Frameworks */ = {isa = PBXBuildFile; productRef = B38A8E342BD2436F00C7A776 /* MarkdownUI */; };
		B38A8E392BD2458A00C7A776 /* CourseTopSection.swift in Sources */ = {isa = PBXBuildFile; fileRef = B38A8E382BD2458A00C7A776 /* CourseTopSection.swift */; };
		B38A8E3B2BD245DE00C7A776 /* CourseDescriptionSection.swift in Sources */ = {isa = PBXBuildFile; fileRef = B38A8E3A2BD245DE00C7A776 /* CourseDescriptionSection.swift */; };
		B38A8E3D2BD24BDB00C7A776 /* CourseLecturesSection.swift in Sources */ = {isa = PBXBuildFile; fileRef = B38A8E3C2BD24BDB00C7A776 /* CourseLecturesSection.swift */; };
		B3A7CA352BCFC5160049ECFD /* ElcademyApp.swift in Sources */ = {isa = PBXBuildFile; fileRef = B3A7CA342BCFC5160049ECFD /* ElcademyApp.swift */; };
		B3A7CA392BCFC5170049ECFD /* Assets.xcassets in Resources */ = {isa = PBXBuildFile; fileRef = B3A7CA382BCFC5170049ECFD /* Assets.xcassets */; };
		B3A7CA3C2BCFC5170049ECFD /* Preview Assets.xcassets in Resources */ = {isa = PBXBuildFile; fileRef = B3A7CA3B2BCFC5170049ECFD /* Preview Assets.xcassets */; };
		B3A7CA502BCFE3320049ECFD /* AppDIContainer.swift in Sources */ = {isa = PBXBuildFile; fileRef = B3A7CA4F2BCFE3320049ECFD /* AppDIContainer.swift */; };
		B3A7CA522BCFE3720049ECFD /* HomeSceneDIContainer.swift in Sources */ = {isa = PBXBuildFile; fileRef = B3A7CA512BCFE3720049ECFD /* HomeSceneDIContainer.swift */; };
		B3A7CA572BCFE4350049ECFD /* HomeFlowCoordinator.swift in Sources */ = {isa = PBXBuildFile; fileRef = B3A7CA562BCFE4350049ECFD /* HomeFlowCoordinator.swift */; };
		B3A7CA592BCFE4830049ECFD /* HomeView.swift in Sources */ = {isa = PBXBuildFile; fileRef = B3A7CA582BCFE4830049ECFD /* HomeView.swift */; };
		B3A7CA5B2BCFE49B0049ECFD /* CourseDetailView.swift in Sources */ = {isa = PBXBuildFile; fileRef = B3A7CA5A2BCFE49B0049ECFD /* CourseDetailView.swift */; };
		B3A7CA5E2BCFE57D0049ECFD /* AppConfiguration.swift in Sources */ = {isa = PBXBuildFile; fileRef = B3A7CA5D2BCFE57D0049ECFD /* AppConfiguration.swift */; };
		B3A7CA602BCFE6040049ECFD /* AppFlowCoordinator.swift in Sources */ = {isa = PBXBuildFile; fileRef = B3A7CA5F2BCFE6040049ECFD /* AppFlowCoordinator.swift */; };
		B3A7CA6A2BCFE8160049ECFD /* CombineMoya in Frameworks */ = {isa = PBXBuildFile; productRef = B3A7CA692BCFE8160049ECFD /* CombineMoya */; };
		B3A7CA6C2BCFE8160049ECFD /* Moya in Frameworks */ = {isa = PBXBuildFile; productRef = B3A7CA6B2BCFE8160049ECFD /* Moya */; };
		B3A7CA6E2BCFE8860049ECFD /* CoursesRepositoryProtocol.swift in Sources */ = {isa = PBXBuildFile; fileRef = B3A7CA6D2BCFE8860049ECFD /* CoursesRepositoryProtocol.swift */; };
		B3A7CA702BCFE9910049ECFD /* CoursesListResponse.swift in Sources */ = {isa = PBXBuildFile; fileRef = B3A7CA6F2BCFE9910049ECFD /* CoursesListResponse.swift */; };
		B3A7CA722BCFEB540049ECFD /* CourseListQuery.swift in Sources */ = {isa = PBXBuildFile; fileRef = B3A7CA712BCFEB540049ECFD /* CourseListQuery.swift */; };
		B3A7CA742BCFEBCD0049ECFD /* CoursesRepository.swift in Sources */ = {isa = PBXBuildFile; fileRef = B3A7CA732BCFEBCD0049ECFD /* CoursesRepository.swift */; };
		B3A7CA762BCFEBF10049ECFD /* DataTransferService.swift in Sources */ = {isa = PBXBuildFile; fileRef = B3A7CA752BCFEBF10049ECFD /* DataTransferService.swift */; };
		B3A7CA792BCFEEF70049ECFD /* Then in Frameworks */ = {isa = PBXBuildFile; productRef = B3A7CA782BCFEEF70049ECFD /* Then */; };
		B3A7CA7B2BCFF0420049ECFD /* ElcademyTargetType.swift in Sources */ = {isa = PBXBuildFile; fileRef = B3A7CA7A2BCFF0420049ECFD /* ElcademyTargetType.swift */; };
		B3A7CA7D2BCFF1480049ECFD /* Then+.swift in Sources */ = {isa = PBXBuildFile; fileRef = B3A7CA7C2BCFF1480049ECFD /* Then+.swift */; };
		B3A7CA7F2BCFF8960049ECFD /* MoyaProvider+.swift in Sources */ = {isa = PBXBuildFile; fileRef = B3A7CA7E2BCFF8960049ECFD /* MoyaProvider+.swift */; };
		B3A7CA812BD0986F0049ECFD /* HomeUseCase.swift in Sources */ = {isa = PBXBuildFile; fileRef = B3A7CA802BD0986F0049ECFD /* HomeUseCase.swift */; };
		B3A7CA832BD09B6D0049ECFD /* HomeViewModel.swift in Sources */ = {isa = PBXBuildFile; fileRef = B3A7CA822BD09B6D0049ECFD /* HomeViewModel.swift */; };
		B3A7CA862BD09B9F0049ECFD /* ViewModel.swift in Sources */ = {isa = PBXBuildFile; fileRef = B3A7CA852BD09B9F0049ECFD /* ViewModel.swift */; };
		B3A7CA882BD161BB0049ECFD /* CourseQuery.swift in Sources */ = {isa = PBXBuildFile; fileRef = B3A7CA872BD161BB0049ECFD /* CourseQuery.swift */; };
		B3A7CA8A2BD162050049ECFD /* LectureListQuery.swift in Sources */ = {isa = PBXBuildFile; fileRef = B3A7CA892BD162050049ECFD /* LectureListQuery.swift */; };
		B3A7CA8C2BD163F10049ECFD /* LecturesListResponse.swift in Sources */ = {isa = PBXBuildFile; fileRef = B3A7CA8B2BD163F10049ECFD /* LecturesListResponse.swift */; };
		B3A7CA8E2BD169FA0049ECFD /* CourseResponse.swift in Sources */ = {isa = PBXBuildFile; fileRef = B3A7CA8D2BD169FA0049ECFD /* CourseResponse.swift */; };
		B3A7CA922BD1712B0049ECFD /* TopLogoSection.swift in Sources */ = {isa = PBXBuildFile; fileRef = B3A7CA912BD1712B0049ECFD /* TopLogoSection.swift */; };
/* End PBXBuildFile section */

/* Begin PBXFileReference section */
		B36423D82BD25AD8001F7DF0 /* ElcademyTarget.swift */ = {isa = PBXFileReference; lastKnownFileType = sourcecode.swift; path = ElcademyTarget.swift; sourceTree = "<group>"; };
		B36423DA2BD25AEB001F7DF0 /* NetworkError.swift */ = {isa = PBXFileReference; lastKnownFileType = sourcecode.swift; path = NetworkError.swift; sourceTree = "<group>"; };
		B36423DC2BD2630D001F7DF0 /* Array+.swift */ = {isa = PBXFileReference; lastKnownFileType = sourcecode.swift; path = "Array+.swift"; sourceTree = "<group>"; };
		B36423DE2BD29E8A001F7DF0 /* CardListSectionItem.swift */ = {isa = PBXFileReference; lastKnownFileType = sourcecode.swift; path = CardListSectionItem.swift; sourceTree = "<group>"; };
		B38A8E2B2BD1FA5D00C7A776 /* Color+.swift */ = {isa = PBXFileReference; lastKnownFileType = sourcecode.swift; path = "Color+.swift"; sourceTree = "<group>"; };
		B38A8E2D2BD1FBE900C7A776 /* CardListSection.swift */ = {isa = PBXFileReference; lastKnownFileType = sourcecode.swift; path = CardListSection.swift; sourceTree = "<group>"; };
		B38A8E2F2BD2024100C7A776 /* Card.swift */ = {isa = PBXFileReference; lastKnownFileType = sourcecode.swift; path = Card.swift; sourceTree = "<group>"; };
		B38A8E382BD2458A00C7A776 /* CourseTopSection.swift */ = {isa = PBXFileReference; lastKnownFileType = sourcecode.swift; path = CourseTopSection.swift; sourceTree = "<group>"; };
		B38A8E3A2BD245DE00C7A776 /* CourseDescriptionSection.swift */ = {isa = PBXFileReference; lastKnownFileType = sourcecode.swift; path = CourseDescriptionSection.swift; sourceTree = "<group>"; };
		B38A8E3C2BD24BDB00C7A776 /* CourseLecturesSection.swift */ = {isa = PBXFileReference; lastKnownFileType = sourcecode.swift; path = CourseLecturesSection.swift; sourceTree = "<group>"; };
		B3A7CA312BCFC5160049ECFD /* Elcademy.app */ = {isa = PBXFileReference; explicitFileType = wrapper.application; includeInIndex = 0; path = Elcademy.app; sourceTree = BUILT_PRODUCTS_DIR; };
		B3A7CA342BCFC5160049ECFD /* ElcademyApp.swift */ = {isa = PBXFileReference; lastKnownFileType = sourcecode.swift; path = ElcademyApp.swift; sourceTree = "<group>"; };
		B3A7CA382BCFC5170049ECFD /* Assets.xcassets */ = {isa = PBXFileReference; lastKnownFileType = folder.assetcatalog; path = Assets.xcassets; sourceTree = "<group>"; };
		B3A7CA3B2BCFC5170049ECFD /* Preview Assets.xcassets */ = {isa = PBXFileReference; lastKnownFileType = folder.assetcatalog; path = "Preview Assets.xcassets"; sourceTree = "<group>"; };
		B3A7CA4F2BCFE3320049ECFD /* AppDIContainer.swift */ = {isa = PBXFileReference; lastKnownFileType = sourcecode.swift; path = AppDIContainer.swift; sourceTree = "<group>"; };
		B3A7CA512BCFE3720049ECFD /* HomeSceneDIContainer.swift */ = {isa = PBXFileReference; lastKnownFileType = sourcecode.swift; path = HomeSceneDIContainer.swift; sourceTree = "<group>"; };
		B3A7CA562BCFE4350049ECFD /* HomeFlowCoordinator.swift */ = {isa = PBXFileReference; lastKnownFileType = sourcecode.swift; path = HomeFlowCoordinator.swift; sourceTree = "<group>"; };
		B3A7CA582BCFE4830049ECFD /* HomeView.swift */ = {isa = PBXFileReference; lastKnownFileType = sourcecode.swift; path = HomeView.swift; sourceTree = "<group>"; };
		B3A7CA5A2BCFE49B0049ECFD /* CourseDetailView.swift */ = {isa = PBXFileReference; lastKnownFileType = sourcecode.swift; path = CourseDetailView.swift; sourceTree = "<group>"; };
		B3A7CA5D2BCFE57D0049ECFD /* AppConfiguration.swift */ = {isa = PBXFileReference; lastKnownFileType = sourcecode.swift; path = AppConfiguration.swift; sourceTree = "<group>"; };
		B3A7CA5F2BCFE6040049ECFD /* AppFlowCoordinator.swift */ = {isa = PBXFileReference; lastKnownFileType = sourcecode.swift; path = AppFlowCoordinator.swift; sourceTree = "<group>"; };
		B3A7CA6D2BCFE8860049ECFD /* CoursesRepositoryProtocol.swift */ = {isa = PBXFileReference; lastKnownFileType = sourcecode.swift; path = CoursesRepositoryProtocol.swift; sourceTree = "<group>"; };
		B3A7CA6F2BCFE9910049ECFD /* CoursesListResponse.swift */ = {isa = PBXFileReference; lastKnownFileType = sourcecode.swift; path = CoursesListResponse.swift; sourceTree = "<group>"; };
		B3A7CA712BCFEB540049ECFD /* CourseListQuery.swift */ = {isa = PBXFileReference; lastKnownFileType = sourcecode.swift; path = CourseListQuery.swift; sourceTree = "<group>"; };
		B3A7CA732BCFEBCD0049ECFD /* CoursesRepository.swift */ = {isa = PBXFileReference; lastKnownFileType = sourcecode.swift; path = CoursesRepository.swift; sourceTree = "<group>"; };
		B3A7CA752BCFEBF10049ECFD /* DataTransferService.swift */ = {isa = PBXFileReference; lastKnownFileType = sourcecode.swift; path = DataTransferService.swift; sourceTree = "<group>"; };
		B3A7CA7A2BCFF0420049ECFD /* ElcademyTargetType.swift */ = {isa = PBXFileReference; lastKnownFileType = sourcecode.swift; path = ElcademyTargetType.swift; sourceTree = "<group>"; };
		B3A7CA7C2BCFF1480049ECFD /* Then+.swift */ = {isa = PBXFileReference; lastKnownFileType = sourcecode.swift; path = "Then+.swift"; sourceTree = "<group>"; };
		B3A7CA7E2BCFF8960049ECFD /* MoyaProvider+.swift */ = {isa = PBXFileReference; lastKnownFileType = sourcecode.swift; path = "MoyaProvider+.swift"; sourceTree = "<group>"; };
		B3A7CA802BD0986F0049ECFD /* HomeUseCase.swift */ = {isa = PBXFileReference; lastKnownFileType = sourcecode.swift; path = HomeUseCase.swift; sourceTree = "<group>"; };
		B3A7CA822BD09B6D0049ECFD /* HomeViewModel.swift */ = {isa = PBXFileReference; lastKnownFileType = sourcecode.swift; path = HomeViewModel.swift; sourceTree = "<group>"; };
		B3A7CA852BD09B9F0049ECFD /* ViewModel.swift */ = {isa = PBXFileReference; lastKnownFileType = sourcecode.swift; path = ViewModel.swift; sourceTree = "<group>"; };
		B3A7CA872BD161BB0049ECFD /* CourseQuery.swift */ = {isa = PBXFileReference; lastKnownFileType = sourcecode.swift; path = CourseQuery.swift; sourceTree = "<group>"; };
		B3A7CA892BD162050049ECFD /* LectureListQuery.swift */ = {isa = PBXFileReference; lastKnownFileType = sourcecode.swift; path = LectureListQuery.swift; sourceTree = "<group>"; };
		B3A7CA8B2BD163F10049ECFD /* LecturesListResponse.swift */ = {isa = PBXFileReference; lastKnownFileType = sourcecode.swift; path = LecturesListResponse.swift; sourceTree = "<group>"; };
		B3A7CA8D2BD169FA0049ECFD /* CourseResponse.swift */ = {isa = PBXFileReference; lastKnownFileType = sourcecode.swift; path = CourseResponse.swift; sourceTree = "<group>"; };
		B3A7CA912BD1712B0049ECFD /* TopLogoSection.swift */ = {isa = PBXFileReference; lastKnownFileType = sourcecode.swift; path = TopLogoSection.swift; sourceTree = "<group>"; };
/* End PBXFileReference section */

/* Begin PBXFrameworksBuildPhase section */
		B3A7CA2E2BCFC5160049ECFD /* Frameworks */ = {
			isa = PBXFrameworksBuildPhase;
			buildActionMask = 2147483647;
			files = (
				B3A7CA6C2BCFE8160049ECFD /* Moya in Frameworks */,
				B3A7CA792BCFEEF70049ECFD /* Then in Frameworks */,
				B3A7CA6A2BCFE8160049ECFD /* CombineMoya in Frameworks */,
				B38A8E352BD2436F00C7A776 /* MarkdownUI in Frameworks */,
			);
			runOnlyForDeploymentPostprocessing = 0;
		};
/* End PBXFrameworksBuildPhase section */

/* Begin PBXGroup section */
		B36423E02BD29E95001F7DF0 /* Queries */ = {
			isa = PBXGroup;
			children = (
				B3A7CA712BCFEB540049ECFD /* CourseListQuery.swift */,
				B3A7CA872BD161BB0049ECFD /* CourseQuery.swift */,
				B3A7CA892BD162050049ECFD /* LectureListQuery.swift */,
			);
			path = Queries;
			sourceTree = "<group>";
		};
		B36423E12BD29EA0001F7DF0 /* Reponses */ = {
			isa = PBXGroup;
			children = (
				B3A7CA6F2BCFE9910049ECFD /* CoursesListResponse.swift */,
				B3A7CA8D2BD169FA0049ECFD /* CourseResponse.swift */,
				B3A7CA8B2BD163F10049ECFD /* LecturesListResponse.swift */,
			);
			path = Reponses;
			sourceTree = "<group>";
		};
		B36423E22BD29EA9001F7DF0 /* ViewEntities */ = {
			isa = PBXGroup;
			children = (
				B36423DE2BD29E8A001F7DF0 /* CardListSectionItem.swift */,
			);
			path = ViewEntities;
			sourceTree = "<group>";
		};
		B38A8E362BD2455F00C7A776 /* Subviews */ = {
			isa = PBXGroup;
			children = (
				B38A8E382BD2458A00C7A776 /* CourseTopSection.swift */,
				B38A8E3A2BD245DE00C7A776 /* CourseDescriptionSection.swift */,
				B38A8E3C2BD24BDB00C7A776 /* CourseLecturesSection.swift */,
			);
			path = Subviews;
			sourceTree = "<group>";
		};
		B3A7CA282BCFC5160049ECFD = {
			isa = PBXGroup;
			children = (
				B3A7CA332BCFC5160049ECFD /* Elcademy */,
				B3A7CA322BCFC5160049ECFD /* Products */,
			);
			sourceTree = "<group>";
		};
		B3A7CA322BCFC5160049ECFD /* Products */ = {
			isa = PBXGroup;
			children = (
				B3A7CA312BCFC5160049ECFD /* Elcademy.app */,
			);
			name = Products;
			sourceTree = "<group>";
		};
		B3A7CA332BCFC5160049ECFD /* Elcademy */ = {
			isa = PBXGroup;
			children = (
				B3A7CA472BCFC5AE0049ECFD /* Application */,
				B3A7CA4E2BCFE30B0049ECFD /* Domain */,
				B3A7CA4D2BCFE3050049ECFD /* Data */,
				B3A7CA4C2BCFE3000049ECFD /* Infrastructure */,
				B3A7CA4A2BCFC5C00049ECFD /* Presentation */,
				B3A7CA4B2BCFE2FA0049ECFD /* Common */,
				B3A7CA8F2BD16F130049ECFD /* Resources */,
				B3A7CA3A2BCFC5170049ECFD /* Preview Content */,
			);
			path = Elcademy;
			sourceTree = "<group>";
		};
		B3A7CA3A2BCFC5170049ECFD /* Preview Content */ = {
			isa = PBXGroup;
			children = (
				B3A7CA3B2BCFC5170049ECFD /* Preview Assets.xcassets */,
			);
			path = "Preview Content";
			sourceTree = "<group>";
		};
		B3A7CA472BCFC5AE0049ECFD /* Application */ = {
			isa = PBXGroup;
			children = (
				B3A7CA482BCFC5B40049ECFD /* DIContainer */,
				B3A7CA342BCFC5160049ECFD /* ElcademyApp.swift */,
				B3A7CA5D2BCFE57D0049ECFD /* AppConfiguration.swift */,
				B3A7CA5F2BCFE6040049ECFD /* AppFlowCoordinator.swift */,
			);
			path = Application;
			sourceTree = "<group>";
		};
		B3A7CA482BCFC5B40049ECFD /* DIContainer */ = {
			isa = PBXGroup;
			children = (
				B3A7CA4F2BCFE3320049ECFD /* AppDIContainer.swift */,
				B3A7CA512BCFE3720049ECFD /* HomeSceneDIContainer.swift */,
			);
			path = DIContainer;
			sourceTree = "<group>";
		};
		B3A7CA4A2BCFC5C00049ECFD /* Presentation */ = {
			isa = PBXGroup;
			children = (
				B3A7CA532BCFE3CF0049ECFD /* Home */,
				B3A7CA542BCFE3FF0049ECFD /* CourseDetail */,
				B3A7CA842BD09B880049ECFD /* Utils */,
			);
			path = Presentation;
			sourceTree = "<group>";
		};
		B3A7CA4B2BCFE2FA0049ECFD /* Common */ = {
			isa = PBXGroup;
			children = (
				B3A7CA7C2BCFF1480049ECFD /* Then+.swift */,
				B38A8E2B2BD1FA5D00C7A776 /* Color+.swift */,
				B36423DC2BD2630D001F7DF0 /* Array+.swift */,
			);
			path = Common;
			sourceTree = "<group>";
		};
		B3A7CA4C2BCFE3000049ECFD /* Infrastructure */ = {
			isa = PBXGroup;
			children = (
				B3A7CA5C2BCFE5270049ECFD /* Network */,
			);
			path = Infrastructure;
			sourceTree = "<group>";
		};
		B3A7CA4D2BCFE3050049ECFD /* Data */ = {
			isa = PBXGroup;
			children = (
				B3A7CA652BCFE7830049ECFD /* Repositories */,
				B3A7CA662BCFE78C0049ECFD /* Network */,
			);
			path = Data;
			sourceTree = "<group>";
		};
		B3A7CA4E2BCFE30B0049ECFD /* Domain */ = {
			isa = PBXGroup;
			children = (
				B3A7CA642BCFE7640049ECFD /* UseCases */,
				B3A7CA632BCFE7570049ECFD /* Interfaces */,
				B3A7CA612BCFE7480049ECFD /* Entities */,
			);
			path = Domain;
			sourceTree = "<group>";
		};
		B3A7CA532BCFE3CF0049ECFD /* Home */ = {
			isa = PBXGroup;
			children = (
				B3A7CA902BD171230049ECFD /* Subviews */,
				B3A7CA552BCFE41E0049ECFD /* Flows */,
				B3A7CA582BCFE4830049ECFD /* HomeView.swift */,
				B3A7CA822BD09B6D0049ECFD /* HomeViewModel.swift */,
			);
			path = Home;
			sourceTree = "<group>";
		};
		B3A7CA542BCFE3FF0049ECFD /* CourseDetail */ = {
			isa = PBXGroup;
			children = (
				B38A8E362BD2455F00C7A776 /* Subviews */,
				B3A7CA5A2BCFE49B0049ECFD /* CourseDetailView.swift */,
			);
			path = CourseDetail;
			sourceTree = "<group>";
		};
		B3A7CA552BCFE41E0049ECFD /* Flows */ = {
			isa = PBXGroup;
			children = (
				B3A7CA562BCFE4350049ECFD /* HomeFlowCoordinator.swift */,
			);
			path = Flows;
			sourceTree = "<group>";
		};
		B3A7CA5C2BCFE5270049ECFD /* Network */ = {
			isa = PBXGroup;
			children = (
				B3A7CA752BCFEBF10049ECFD /* DataTransferService.swift */,
				B3A7CA7E2BCFF8960049ECFD /* MoyaProvider+.swift */,
			);
			path = Network;
			sourceTree = "<group>";
		};
		B3A7CA612BCFE7480049ECFD /* Entities */ = {
			isa = PBXGroup;
			children = (
				B36423E22BD29EA9001F7DF0 /* ViewEntities */,
				B36423E12BD29EA0001F7DF0 /* Reponses */,
				B36423E02BD29E95001F7DF0 /* Queries */,
			);
			path = Entities;
			sourceTree = "<group>";
		};
		B3A7CA622BCFE74D0049ECFD /* Repository */ = {
			isa = PBXGroup;
			children = (
				B3A7CA6D2BCFE8860049ECFD /* CoursesRepositoryProtocol.swift */,
			);
			path = Repository;
			sourceTree = "<group>";
		};
		B3A7CA632BCFE7570049ECFD /* Interfaces */ = {
			isa = PBXGroup;
			children = (
				B3A7CA622BCFE74D0049ECFD /* Repository */,
			);
			path = Interfaces;
			sourceTree = "<group>";
		};
		B3A7CA642BCFE7640049ECFD /* UseCases */ = {
			isa = PBXGroup;
			children = (
				B3A7CA802BD0986F0049ECFD /* HomeUseCase.swift */,
			);
			path = UseCases;
			sourceTree = "<group>";
		};
		B3A7CA652BCFE7830049ECFD /* Repositories */ = {
			isa = PBXGroup;
			children = (
				B3A7CA732BCFEBCD0049ECFD /* CoursesRepository.swift */,
			);
			path = Repositories;
			sourceTree = "<group>";
		};
		B3A7CA662BCFE78C0049ECFD /* Network */ = {
			isa = PBXGroup;
			children = (
				B36423D82BD25AD8001F7DF0 /* ElcademyTarget.swift */,
				B3A7CA7A2BCFF0420049ECFD /* ElcademyTargetType.swift */,
				B36423DA2BD25AEB001F7DF0 /* NetworkError.swift */,
			);
			path = Network;
			sourceTree = "<group>";
		};
		B3A7CA842BD09B880049ECFD /* Utils */ = {
			isa = PBXGroup;
			children = (
				B3A7CA852BD09B9F0049ECFD /* ViewModel.swift */,
			);
			path = Utils;
			sourceTree = "<group>";
		};
		B3A7CA8F2BD16F130049ECFD /* Resources */ = {
			isa = PBXGroup;
			children = (
				B3A7CA382BCFC5170049ECFD /* Assets.xcassets */,
			);
			path = Resources;
			sourceTree = "<group>";
		};
		B3A7CA902BD171230049ECFD /* Subviews */ = {
			isa = PBXGroup;
			children = (
				B3A7CA912BD1712B0049ECFD /* TopLogoSection.swift */,
				B38A8E2D2BD1FBE900C7A776 /* CardListSection.swift */,
				B38A8E2F2BD2024100C7A776 /* Card.swift */,
			);
			path = Subviews;
			sourceTree = "<group>";
		};
/* End PBXGroup section */

/* Begin PBXNativeTarget section */
		B3A7CA302BCFC5160049ECFD /* Elcademy */ = {
			isa = PBXNativeTarget;
			buildConfigurationList = B3A7CA442BCFC5170049ECFD /* Build configuration list for PBXNativeTarget "Elcademy" */;
			buildPhases = (
				B3A7CA2D2BCFC5160049ECFD /* Sources */,
				B3A7CA2E2BCFC5160049ECFD /* Frameworks */,
				B3A7CA2F2BCFC5160049ECFD /* Resources */,
			);
			buildRules = (
			);
			dependencies = (
			);
			name = Elcademy;
			packageProductDependencies = (
				B3A7CA692BCFE8160049ECFD /* CombineMoya */,
				B3A7CA6B2BCFE8160049ECFD /* Moya */,
				B3A7CA782BCFEEF70049ECFD /* Then */,
				B38A8E342BD2436F00C7A776 /* MarkdownUI */,
			);
			productName = Elcademy;
			productReference = B3A7CA312BCFC5160049ECFD /* Elcademy.app */;
			productType = "com.apple.product-type.application";
		};
/* End PBXNativeTarget section */

/* Begin PBXProject section */
		B3A7CA292BCFC5160049ECFD /* Project object */ = {
			isa = PBXProject;
			attributes = {
				BuildIndependentTargetsInParallel = 1;
				LastSwiftUpdateCheck = 1530;
				LastUpgradeCheck = 1530;
				TargetAttributes = {
					B3A7CA302BCFC5160049ECFD = {
						CreatedOnToolsVersion = 15.3;
					};
				};
			};
			buildConfigurationList = B3A7CA2C2BCFC5160049ECFD /* Build configuration list for PBXProject "Elcademy" */;
			compatibilityVersion = "Xcode 14.0";
			developmentRegion = en;
			hasScannedForEncodings = 0;
			knownRegions = (
				en,
				Base,
			);
			mainGroup = B3A7CA282BCFC5160049ECFD;
			packageReferences = (
				B3A7CA682BCFE8160049ECFD /* XCRemoteSwiftPackageReference "Moya" */,
				B3A7CA772BCFEEF70049ECFD /* XCRemoteSwiftPackageReference "Then" */,
				B38A8E332BD2436F00C7A776 /* XCRemoteSwiftPackageReference "swift-markdown-ui" */,
			);
			productRefGroup = B3A7CA322BCFC5160049ECFD /* Products */;
			projectDirPath = "";
			projectRoot = "";
			targets = (
				B3A7CA302BCFC5160049ECFD /* Elcademy */,
			);
		};
/* End PBXProject section */

/* Begin PBXResourcesBuildPhase section */
		B3A7CA2F2BCFC5160049ECFD /* Resources */ = {
			isa = PBXResourcesBuildPhase;
			buildActionMask = 2147483647;
			files = (
				B3A7CA3C2BCFC5170049ECFD /* Preview Assets.xcassets in Resources */,
				B3A7CA392BCFC5170049ECFD /* Assets.xcassets in Resources */,
			);
			runOnlyForDeploymentPostprocessing = 0;
		};
/* End PBXResourcesBuildPhase section */

/* Begin PBXSourcesBuildPhase section */
		B3A7CA2D2BCFC5160049ECFD /* Sources */ = {
			isa = PBXSourcesBuildPhase;
			buildActionMask = 2147483647;
			files = (
				B3A7CA572BCFE4350049ECFD /* HomeFlowCoordinator.swift in Sources */,
				B3A7CA522BCFE3720049ECFD /* HomeSceneDIContainer.swift in Sources */,
				B3A7CA7B2BCFF0420049ECFD /* ElcademyTargetType.swift in Sources */,
				B38A8E3B2BD245DE00C7A776 /* CourseDescriptionSection.swift in Sources */,
				B3A7CA702BCFE9910049ECFD /* CoursesListResponse.swift in Sources */,
				B3A7CA762BCFEBF10049ECFD /* DataTransferService.swift in Sources */,
				B3A7CA7F2BCFF8960049ECFD /* MoyaProvider+.swift in Sources */,
				B3A7CA8E2BD169FA0049ECFD /* CourseResponse.swift in Sources */,
				B3A7CA5B2BCFE49B0049ECFD /* CourseDetailView.swift in Sources */,
				B36423DB2BD25AEB001F7DF0 /* NetworkError.swift in Sources */,
				B38A8E392BD2458A00C7A776 /* CourseTopSection.swift in Sources */,
				B38A8E2E2BD1FBE900C7A776 /* CardListSection.swift in Sources */,
				B38A8E2C2BD1FA5D00C7A776 /* Color+.swift in Sources */,
				B36423DD2BD2630D001F7DF0 /* Array+.swift in Sources */,
				B3A7CA7D2BCFF1480049ECFD /* Then+.swift in Sources */,
				B38A8E302BD2024100C7A776 /* Card.swift in Sources */,
				B3A7CA742BCFEBCD0049ECFD /* CoursesRepository.swift in Sources */,
				B3A7CA502BCFE3320049ECFD /* AppDIContainer.swift in Sources */,
				B3A7CA6E2BCFE8860049ECFD /* CoursesRepositoryProtocol.swift in Sources */,
				B3A7CA5E2BCFE57D0049ECFD /* AppConfiguration.swift in Sources */,
				B3A7CA862BD09B9F0049ECFD /* ViewModel.swift in Sources */,
				B3A7CA8A2BD162050049ECFD /* LectureListQuery.swift in Sources */,
				B3A7CA8C2BD163F10049ECFD /* LecturesListResponse.swift in Sources */,
				B3A7CA812BD0986F0049ECFD /* HomeUseCase.swift in Sources */,
				B38A8E3D2BD24BDB00C7A776 /* CourseLecturesSection.swift in Sources */,
				B3A7CA722BCFEB540049ECFD /* CourseListQuery.swift in Sources */,
				B3A7CA832BD09B6D0049ECFD /* HomeViewModel.swift in Sources */,
				B36423D92BD25AD8001F7DF0 /* ElcademyTarget.swift in Sources */,
				B3A7CA922BD1712B0049ECFD /* TopLogoSection.swift in Sources */,
				B3A7CA592BCFE4830049ECFD /* HomeView.swift in Sources */,
				B3A7CA882BD161BB0049ECFD /* CourseQuery.swift in Sources */,
				B3A7CA602BCFE6040049ECFD /* AppFlowCoordinator.swift in Sources */,
				B36423DF2BD29E8A001F7DF0 /* CardListSectionItem.swift in Sources */,
				B3A7CA352BCFC5160049ECFD /* ElcademyApp.swift in Sources */,
			);
			runOnlyForDeploymentPostprocessing = 0;
		};
/* End PBXSourcesBuildPhase section */

/* Begin XCBuildConfiguration section */
		B3A7CA422BCFC5170049ECFD /* Debug */ = {
			isa = XCBuildConfiguration;
			buildSettings = {
				ALWAYS_SEARCH_USER_PATHS = NO;
				ASSETCATALOG_COMPILER_GENERATE_SWIFT_ASSET_SYMBOL_EXTENSIONS = YES;
				CLANG_ANALYZER_NONNULL = YES;
				CLANG_ANALYZER_NUMBER_OBJECT_CONVERSION = YES_AGGRESSIVE;
				CLANG_CXX_LANGUAGE_STANDARD = "gnu++20";
				CLANG_ENABLE_MODULES = YES;
				CLANG_ENABLE_OBJC_ARC = YES;
				CLANG_ENABLE_OBJC_WEAK = YES;
				CLANG_WARN_BLOCK_CAPTURE_AUTORELEASING = YES;
				CLANG_WARN_BOOL_CONVERSION = YES;
				CLANG_WARN_COMMA = YES;
				CLANG_WARN_CONSTANT_CONVERSION = YES;
				CLANG_WARN_DEPRECATED_OBJC_IMPLEMENTATIONS = YES;
				CLANG_WARN_DIRECT_OBJC_ISA_USAGE = YES_ERROR;
				CLANG_WARN_DOCUMENTATION_COMMENTS = YES;
				CLANG_WARN_EMPTY_BODY = YES;
				CLANG_WARN_ENUM_CONVERSION = YES;
				CLANG_WARN_INFINITE_RECURSION = YES;
				CLANG_WARN_INT_CONVERSION = YES;
				CLANG_WARN_NON_LITERAL_NULL_CONVERSION = YES;
				CLANG_WARN_OBJC_IMPLICIT_RETAIN_SELF = YES;
				CLANG_WARN_OBJC_LITERAL_CONVERSION = YES;
				CLANG_WARN_OBJC_ROOT_CLASS = YES_ERROR;
				CLANG_WARN_QUOTED_INCLUDE_IN_FRAMEWORK_HEADER = YES;
				CLANG_WARN_RANGE_LOOP_ANALYSIS = YES;
				CLANG_WARN_STRICT_PROTOTYPES = YES;
				CLANG_WARN_SUSPICIOUS_MOVE = YES;
				CLANG_WARN_UNGUARDED_AVAILABILITY = YES_AGGRESSIVE;
				CLANG_WARN_UNREACHABLE_CODE = YES;
				CLANG_WARN__DUPLICATE_METHOD_MATCH = YES;
				COPY_PHASE_STRIP = NO;
				DEBUG_INFORMATION_FORMAT = dwarf;
				ENABLE_STRICT_OBJC_MSGSEND = YES;
				ENABLE_TESTABILITY = YES;
				ENABLE_USER_SCRIPT_SANDBOXING = YES;
				GCC_C_LANGUAGE_STANDARD = gnu17;
				GCC_DYNAMIC_NO_PIC = NO;
				GCC_NO_COMMON_BLOCKS = YES;
				GCC_OPTIMIZATION_LEVEL = 0;
				GCC_PREPROCESSOR_DEFINITIONS = (
					"DEBUG=1",
					"$(inherited)",
				);
				GCC_WARN_64_TO_32_BIT_CONVERSION = YES;
				GCC_WARN_ABOUT_RETURN_TYPE = YES_ERROR;
				GCC_WARN_UNDECLARED_SELECTOR = YES;
				GCC_WARN_UNINITIALIZED_AUTOS = YES_AGGRESSIVE;
				GCC_WARN_UNUSED_FUNCTION = YES;
				GCC_WARN_UNUSED_VARIABLE = YES;
				IPHONEOS_DEPLOYMENT_TARGET = 17.4;
				LOCALIZATION_PREFERS_STRING_CATALOGS = YES;
				MTL_ENABLE_DEBUG_INFO = INCLUDE_SOURCE;
				MTL_FAST_MATH = YES;
				ONLY_ACTIVE_ARCH = YES;
				SDKROOT = iphoneos;
				SWIFT_ACTIVE_COMPILATION_CONDITIONS = "DEBUG $(inherited)";
				SWIFT_OPTIMIZATION_LEVEL = "-Onone";
			};
			name = Debug;
		};
		B3A7CA432BCFC5170049ECFD /* Release */ = {
			isa = XCBuildConfiguration;
			buildSettings = {
				ALWAYS_SEARCH_USER_PATHS = NO;
				ASSETCATALOG_COMPILER_GENERATE_SWIFT_ASSET_SYMBOL_EXTENSIONS = YES;
				CLANG_ANALYZER_NONNULL = YES;
				CLANG_ANALYZER_NUMBER_OBJECT_CONVERSION = YES_AGGRESSIVE;
				CLANG_CXX_LANGUAGE_STANDARD = "gnu++20";
				CLANG_ENABLE_MODULES = YES;
				CLANG_ENABLE_OBJC_ARC = YES;
				CLANG_ENABLE_OBJC_WEAK = YES;
				CLANG_WARN_BLOCK_CAPTURE_AUTORELEASING = YES;
				CLANG_WARN_BOOL_CONVERSION = YES;
				CLANG_WARN_COMMA = YES;
				CLANG_WARN_CONSTANT_CONVERSION = YES;
				CLANG_WARN_DEPRECATED_OBJC_IMPLEMENTATIONS = YES;
				CLANG_WARN_DIRECT_OBJC_ISA_USAGE = YES_ERROR;
				CLANG_WARN_DOCUMENTATION_COMMENTS = YES;
				CLANG_WARN_EMPTY_BODY = YES;
				CLANG_WARN_ENUM_CONVERSION = YES;
				CLANG_WARN_INFINITE_RECURSION = YES;
				CLANG_WARN_INT_CONVERSION = YES;
				CLANG_WARN_NON_LITERAL_NULL_CONVERSION = YES;
				CLANG_WARN_OBJC_IMPLICIT_RETAIN_SELF = YES;
				CLANG_WARN_OBJC_LITERAL_CONVERSION = YES;
				CLANG_WARN_OBJC_ROOT_CLASS = YES_ERROR;
				CLANG_WARN_QUOTED_INCLUDE_IN_FRAMEWORK_HEADER = YES;
				CLANG_WARN_RANGE_LOOP_ANALYSIS = YES;
				CLANG_WARN_STRICT_PROTOTYPES = YES;
				CLANG_WARN_SUSPICIOUS_MOVE = YES;
				CLANG_WARN_UNGUARDED_AVAILABILITY = YES_AGGRESSIVE;
				CLANG_WARN_UNREACHABLE_CODE = YES;
				CLANG_WARN__DUPLICATE_METHOD_MATCH = YES;
				COPY_PHASE_STRIP = NO;
				DEBUG_INFORMATION_FORMAT = "dwarf-with-dsym";
				ENABLE_NS_ASSERTIONS = NO;
				ENABLE_STRICT_OBJC_MSGSEND = YES;
				ENABLE_USER_SCRIPT_SANDBOXING = YES;
				GCC_C_LANGUAGE_STANDARD = gnu17;
				GCC_NO_COMMON_BLOCKS = YES;
				GCC_WARN_64_TO_32_BIT_CONVERSION = YES;
				GCC_WARN_ABOUT_RETURN_TYPE = YES_ERROR;
				GCC_WARN_UNDECLARED_SELECTOR = YES;
				GCC_WARN_UNINITIALIZED_AUTOS = YES_AGGRESSIVE;
				GCC_WARN_UNUSED_FUNCTION = YES;
				GCC_WARN_UNUSED_VARIABLE = YES;
				IPHONEOS_DEPLOYMENT_TARGET = 17.4;
				LOCALIZATION_PREFERS_STRING_CATALOGS = YES;
				MTL_ENABLE_DEBUG_INFO = NO;
				MTL_FAST_MATH = YES;
				SDKROOT = iphoneos;
				SWIFT_COMPILATION_MODE = wholemodule;
				VALIDATE_PRODUCT = YES;
			};
			name = Release;
		};
		B3A7CA452BCFC5170049ECFD /* Debug */ = {
			isa = XCBuildConfiguration;
			buildSettings = {
				ASSETCATALOG_COMPILER_APPICON_NAME = AppIcon;
				ASSETCATALOG_COMPILER_GLOBAL_ACCENT_COLOR_NAME = AccentColor;
				CODE_SIGN_STYLE = Automatic;
				CURRENT_PROJECT_VERSION = 1;
				DEVELOPMENT_ASSET_PATHS = "\"Elcademy/Preview Content\"";
				DEVELOPMENT_TEAM = M75V4ZN69S;
				ENABLE_PREVIEWS = YES;
				GENERATE_INFOPLIST_FILE = YES;
				INFOPLIST_KEY_UIApplicationSceneManifest_Generation = YES;
				INFOPLIST_KEY_UIApplicationSupportsIndirectInputEvents = YES;
				INFOPLIST_KEY_UILaunchScreen_Generation = YES;
				INFOPLIST_KEY_UISupportedInterfaceOrientations_iPad = "UIInterfaceOrientationPortrait UIInterfaceOrientationPortraitUpsideDown UIInterfaceOrientationLandscapeLeft UIInterfaceOrientationLandscapeRight";
				INFOPLIST_KEY_UISupportedInterfaceOrientations_iPhone = "UIInterfaceOrientationPortrait UIInterfaceOrientationLandscapeLeft UIInterfaceOrientationLandscapeRight";
				LD_RUNPATH_SEARCH_PATHS = (
					"$(inherited)",
					"@executable_path/Frameworks",
				);
				MARKETING_VERSION = 1.0;
				PRODUCT_BUNDLE_IDENTIFIER = leo.Elcademy;
				PRODUCT_NAME = "$(TARGET_NAME)";
				SWIFT_EMIT_LOC_STRINGS = YES;
				SWIFT_VERSION = 5.0;
				TARGETED_DEVICE_FAMILY = "1,2";
			};
			name = Debug;
		};
		B3A7CA462BCFC5170049ECFD /* Release */ = {
			isa = XCBuildConfiguration;
			buildSettings = {
				ASSETCATALOG_COMPILER_APPICON_NAME = AppIcon;
				ASSETCATALOG_COMPILER_GLOBAL_ACCENT_COLOR_NAME = AccentColor;
				CODE_SIGN_STYLE = Automatic;
				CURRENT_PROJECT_VERSION = 1;
				DEVELOPMENT_ASSET_PATHS = "\"Elcademy/Preview Content\"";
				DEVELOPMENT_TEAM = M75V4ZN69S;
				ENABLE_PREVIEWS = YES;
				GENERATE_INFOPLIST_FILE = YES;
				INFOPLIST_KEY_UIApplicationSceneManifest_Generation = YES;
				INFOPLIST_KEY_UIApplicationSupportsIndirectInputEvents = YES;
				INFOPLIST_KEY_UILaunchScreen_Generation = YES;
				INFOPLIST_KEY_UISupportedInterfaceOrientations_iPad = "UIInterfaceOrientationPortrait UIInterfaceOrientationPortraitUpsideDown UIInterfaceOrientationLandscapeLeft UIInterfaceOrientationLandscapeRight";
				INFOPLIST_KEY_UISupportedInterfaceOrientations_iPhone = "UIInterfaceOrientationPortrait UIInterfaceOrientationLandscapeLeft UIInterfaceOrientationLandscapeRight";
				LD_RUNPATH_SEARCH_PATHS = (
					"$(inherited)",
					"@executable_path/Frameworks",
				);
				MARKETING_VERSION = 1.0;
				PRODUCT_BUNDLE_IDENTIFIER = leo.Elcademy;
				PRODUCT_NAME = "$(TARGET_NAME)";
				SWIFT_EMIT_LOC_STRINGS = YES;
				SWIFT_VERSION = 5.0;
				TARGETED_DEVICE_FAMILY = "1,2";
			};
			name = Release;
		};
/* End XCBuildConfiguration section */

/* Begin XCConfigurationList section */
		B3A7CA2C2BCFC5160049ECFD /* Build configuration list for PBXProject "Elcademy" */ = {
			isa = XCConfigurationList;
			buildConfigurations = (
				B3A7CA422BCFC5170049ECFD /* Debug */,
				B3A7CA432BCFC5170049ECFD /* Release */,
			);
			defaultConfigurationIsVisible = 0;
			defaultConfigurationName = Release;
		};
		B3A7CA442BCFC5170049ECFD /* Build configuration list for PBXNativeTarget "Elcademy" */ = {
			isa = XCConfigurationList;
			buildConfigurations = (
				B3A7CA452BCFC5170049ECFD /* Debug */,
				B3A7CA462BCFC5170049ECFD /* Release */,
			);
			defaultConfigurationIsVisible = 0;
			defaultConfigurationName = Release;
		};
/* End XCConfigurationList section */

/* Begin XCRemoteSwiftPackageReference section */
		B38A8E332BD2436F00C7A776 /* XCRemoteSwiftPackageReference "swift-markdown-ui" */ = {
			isa = XCRemoteSwiftPackageReference;
			repositoryURL = "https://github.com/gonzalezreal/swift-markdown-ui.git";
			requirement = {
				kind = upToNextMajorVersion;
				minimumVersion = 2.3.0;
			};
		};
		B3A7CA682BCFE8160049ECFD /* XCRemoteSwiftPackageReference "Moya" */ = {
			isa = XCRemoteSwiftPackageReference;
			repositoryURL = "https://github.com/Moya/Moya.git";
			requirement = {
				kind = upToNextMajorVersion;
				minimumVersion = 15.0.3;
			};
		};
		B3A7CA772BCFEEF70049ECFD /* XCRemoteSwiftPackageReference "Then" */ = {
			isa = XCRemoteSwiftPackageReference;
			repositoryURL = "https://github.com/devxoul/Then.git";
			requirement = {
				kind = upToNextMajorVersion;
				minimumVersion = 3.0.0;
			};
		};
/* End XCRemoteSwiftPackageReference section */

/* Begin XCSwiftPackageProductDependency section */
		B38A8E342BD2436F00C7A776 /* MarkdownUI */ = {
			isa = XCSwiftPackageProductDependency;
			package = B38A8E332BD2436F00C7A776 /* XCRemoteSwiftPackageReference "swift-markdown-ui" */;
			productName = MarkdownUI;
		};
		B3A7CA692BCFE8160049ECFD /* CombineMoya */ = {
			isa = XCSwiftPackageProductDependency;
			package = B3A7CA682BCFE8160049ECFD /* XCRemoteSwiftPackageReference "Moya" */;
			productName = CombineMoya;
		};
		B3A7CA6B2BCFE8160049ECFD /* Moya */ = {
			isa = XCSwiftPackageProductDependency;
			package = B3A7CA682BCFE8160049ECFD /* XCRemoteSwiftPackageReference "Moya" */;
			productName = Moya;
		};
		B3A7CA782BCFEEF70049ECFD /* Then */ = {
			isa = XCSwiftPackageProductDependency;
			package = B3A7CA772BCFEEF70049ECFD /* XCRemoteSwiftPackageReference "Then" */;
			productName = Then;
		};
/* End XCSwiftPackageProductDependency section */
	};
	rootObject = B3A7CA292BCFC5160049ECFD /* Project object */;
}
