// !$*UTF8*$!
{
	archiveVersion = 1;
	classes = {
	};
	objectVersion = 56;
	objects = {

/* Begin PBXBuildFile section */
		B3A7CA352BCFC5160049ECFD /* ElcademyApp.swift in Sources */ = {isa = PBXBuildFile; fileRef = B3A7CA342BCFC5160049ECFD /* ElcademyApp.swift */; };
		B3A7CA372BCFC5160049ECFD /* ContentView.swift in Sources */ = {isa = PBXBuildFile; fileRef = B3A7CA362BCFC5160049ECFD /* ContentView.swift */; };
		B3A7CA392BCFC5170049ECFD /* Assets.xcassets in Resources */ = {isa = PBXBuildFile; fileRef = B3A7CA382BCFC5170049ECFD /* Assets.xcassets */; };
		B3A7CA3C2BCFC5170049ECFD /* Preview Assets.xcassets in Resources */ = {isa = PBXBuildFile; fileRef = B3A7CA3B2BCFC5170049ECFD /* Preview Assets.xcassets */; };
		B3A7CA3E2BCFC5170049ECFD /* Persistence.swift in Sources */ = {isa = PBXBuildFile; fileRef = B3A7CA3D2BCFC5170049ECFD /* Persistence.swift */; };
		B3A7CA412BCFC5170049ECFD /* Elcademy.xcdatamodeld in Sources */ = {isa = PBXBuildFile; fileRef = B3A7CA3F2BCFC5170049ECFD /* Elcademy.xcdatamodeld */; };
		B3A7CA502BCFE3320049ECFD /* AppDIContainer.swift in Sources */ = {isa = PBXBuildFile; fileRef = B3A7CA4F2BCFE3320049ECFD /* AppDIContainer.swift */; };
		B3A7CA522BCFE3720049ECFD /* HomeSceneDIContainer.swift in Sources */ = {isa = PBXBuildFile; fileRef = B3A7CA512BCFE3720049ECFD /* HomeSceneDIContainer.swift */; };
		B3A7CA572BCFE4350049ECFD /* HomeFlowCoordinator.swift in Sources */ = {isa = PBXBuildFile; fileRef = B3A7CA562BCFE4350049ECFD /* HomeFlowCoordinator.swift */; };
		B3A7CA592BCFE4830049ECFD /* HomeView.swift in Sources */ = {isa = PBXBuildFile; fileRef = B3A7CA582BCFE4830049ECFD /* HomeView.swift */; };
		B3A7CA5B2BCFE49B0049ECFD /* CourseDetailView.swift in Sources */ = {isa = PBXBuildFile; fileRef = B3A7CA5A2BCFE49B0049ECFD /* CourseDetailView.swift */; };
		B3A7CA5E2BCFE57D0049ECFD /* AppConfiguration.swift in Sources */ = {isa = PBXBuildFile; fileRef = B3A7CA5D2BCFE57D0049ECFD /* AppConfiguration.swift */; };
		B3A7CA602BCFE6040049ECFD /* AppFlowCoordinator.swift in Sources */ = {isa = PBXBuildFile; fileRef = B3A7CA5F2BCFE6040049ECFD /* AppFlowCoordinator.swift */; };
/* End PBXBuildFile section */

/* Begin PBXFileReference section */
		B3A7CA312BCFC5160049ECFD /* Elcademy.app */ = {isa = PBXFileReference; explicitFileType = wrapper.application; includeInIndex = 0; path = Elcademy.app; sourceTree = BUILT_PRODUCTS_DIR; };
		B3A7CA342BCFC5160049ECFD /* ElcademyApp.swift */ = {isa = PBXFileReference; lastKnownFileType = sourcecode.swift; path = ElcademyApp.swift; sourceTree = "<group>"; };
		B3A7CA362BCFC5160049ECFD /* ContentView.swift */ = {isa = PBXFileReference; lastKnownFileType = sourcecode.swift; path = ContentView.swift; sourceTree = "<group>"; };
		B3A7CA382BCFC5170049ECFD /* Assets.xcassets */ = {isa = PBXFileReference; lastKnownFileType = folder.assetcatalog; path = Assets.xcassets; sourceTree = "<group>"; };
		B3A7CA3B2BCFC5170049ECFD /* Preview Assets.xcassets */ = {isa = PBXFileReference; lastKnownFileType = folder.assetcatalog; path = "Preview Assets.xcassets"; sourceTree = "<group>"; };
		B3A7CA3D2BCFC5170049ECFD /* Persistence.swift */ = {isa = PBXFileReference; lastKnownFileType = sourcecode.swift; path = Persistence.swift; sourceTree = "<group>"; };
		B3A7CA402BCFC5170049ECFD /* Elcademy.xcdatamodel */ = {isa = PBXFileReference; lastKnownFileType = wrapper.xcdatamodel; path = Elcademy.xcdatamodel; sourceTree = "<group>"; };
		B3A7CA4F2BCFE3320049ECFD /* AppDIContainer.swift */ = {isa = PBXFileReference; lastKnownFileType = sourcecode.swift; path = AppDIContainer.swift; sourceTree = "<group>"; };
		B3A7CA512BCFE3720049ECFD /* HomeSceneDIContainer.swift */ = {isa = PBXFileReference; lastKnownFileType = sourcecode.swift; path = HomeSceneDIContainer.swift; sourceTree = "<group>"; };
		B3A7CA562BCFE4350049ECFD /* HomeFlowCoordinator.swift */ = {isa = PBXFileReference; lastKnownFileType = sourcecode.swift; path = HomeFlowCoordinator.swift; sourceTree = "<group>"; };
		B3A7CA582BCFE4830049ECFD /* HomeView.swift */ = {isa = PBXFileReference; lastKnownFileType = sourcecode.swift; path = HomeView.swift; sourceTree = "<group>"; };
		B3A7CA5A2BCFE49B0049ECFD /* CourseDetailView.swift */ = {isa = PBXFileReference; lastKnownFileType = sourcecode.swift; path = CourseDetailView.swift; sourceTree = "<group>"; };
		B3A7CA5D2BCFE57D0049ECFD /* AppConfiguration.swift */ = {isa = PBXFileReference; lastKnownFileType = sourcecode.swift; path = AppConfiguration.swift; sourceTree = "<group>"; };
		B3A7CA5F2BCFE6040049ECFD /* AppFlowCoordinator.swift */ = {isa = PBXFileReference; lastKnownFileType = sourcecode.swift; path = AppFlowCoordinator.swift; sourceTree = "<group>"; };
/* End PBXFileReference section */

/* Begin PBXFrameworksBuildPhase section */
		B3A7CA2E2BCFC5160049ECFD /* Frameworks */ = {
			isa = PBXFrameworksBuildPhase;
			buildActionMask = 2147483647;
			files = (
			);
			runOnlyForDeploymentPostprocessing = 0;
		};
/* End PBXFrameworksBuildPhase section */

/* Begin PBXGroup section */
		B3A7CA282BCFC5160049ECFD = {
			isa = PBXGroup;
			children = (
				B3A7CA332BCFC5160049ECFD /* Elcademy */,
				B3A7CA322BCFC5160049ECFD /* Products */,
			);
			sourceTree = "<group>";
		};
		B3A7CA322BCFC5160049ECFD /* Products */ = {
			isa = PBXGroup;
			children = (
				B3A7CA312BCFC5160049ECFD /* Elcademy.app */,
			);
			name = Products;
			sourceTree = "<group>";
		};
		B3A7CA332BCFC5160049ECFD /* Elcademy */ = {
			isa = PBXGroup;
			children = (
				B3A7CA472BCFC5AE0049ECFD /* Application */,
				B3A7CA4E2BCFE30B0049ECFD /* Domain */,
				B3A7CA4D2BCFE3050049ECFD /* Data */,
				B3A7CA4C2BCFE3000049ECFD /* Infrastructure */,
				B3A7CA4B2BCFE2FA0049ECFD /* Common */,
				B3A7CA4A2BCFC5C00049ECFD /* Presentation */,
				B3A7CA362BCFC5160049ECFD /* ContentView.swift */,
				B3A7CA382BCFC5170049ECFD /* Assets.xcassets */,
				B3A7CA3D2BCFC5170049ECFD /* Persistence.swift */,
				B3A7CA3F2BCFC5170049ECFD /* Elcademy.xcdatamodeld */,
				B3A7CA3A2BCFC5170049ECFD /* Preview Content */,
			);
			path = Elcademy;
			sourceTree = "<group>";
		};
		B3A7CA3A2BCFC5170049ECFD /* Preview Content */ = {
			isa = PBXGroup;
			children = (
				B3A7CA3B2BCFC5170049ECFD /* Preview Assets.xcassets */,
			);
			path = "Preview Content";
			sourceTree = "<group>";
		};
		B3A7CA472BCFC5AE0049ECFD /* Application */ = {
			isa = PBXGroup;
			children = (
				B3A7CA482BCFC5B40049ECFD /* DIContainer */,
				B3A7CA342BCFC5160049ECFD /* ElcademyApp.swift */,
				B3A7CA5D2BCFE57D0049ECFD /* AppConfiguration.swift */,
				B3A7CA5F2BCFE6040049ECFD /* AppFlowCoordinator.swift */,
			);
			path = Application;
			sourceTree = "<group>";
		};
		B3A7CA482BCFC5B40049ECFD /* DIContainer */ = {
			isa = PBXGroup;
			children = (
				B3A7CA4F2BCFE3320049ECFD /* AppDIContainer.swift */,
				B3A7CA512BCFE3720049ECFD /* HomeSceneDIContainer.swift */,
			);
			path = DIContainer;
			sourceTree = "<group>";
		};
		B3A7CA4A2BCFC5C00049ECFD /* Presentation */ = {
			isa = PBXGroup;
			children = (
				B3A7CA532BCFE3CF0049ECFD /* Home */,
			);
			path = Presentation;
			sourceTree = "<group>";
		};
		B3A7CA4B2BCFE2FA0049ECFD /* Common */ = {
			isa = PBXGroup;
			children = (
			);
			path = Common;
			sourceTree = "<group>";
		};
		B3A7CA4C2BCFE3000049ECFD /* Infrastructure */ = {
			isa = PBXGroup;
			children = (
				B3A7CA5C2BCFE5270049ECFD /* Network */,
			);
			path = Infrastructure;
			sourceTree = "<group>";
		};
		B3A7CA4D2BCFE3050049ECFD /* Data */ = {
			isa = PBXGroup;
			children = (
			);
			path = Data;
			sourceTree = "<group>";
		};
		B3A7CA4E2BCFE30B0049ECFD /* Domain */ = {
			isa = PBXGroup;
			children = (
			);
			path = Domain;
			sourceTree = "<group>";
		};
		B3A7CA532BCFE3CF0049ECFD /* Home */ = {
			isa = PBXGroup;
			children = (
				B3A7CA552BCFE41E0049ECFD /* Flows */,
				B3A7CA542BCFE3FF0049ECFD /* CourseDetail */,
				B3A7CA582BCFE4830049ECFD /* HomeView.swift */,
			);
			path = Home;
			sourceTree = "<group>";
		};
		B3A7CA542BCFE3FF0049ECFD /* CourseDetail */ = {
			isa = PBXGroup;
			children = (
				B3A7CA5A2BCFE49B0049ECFD /* CourseDetailView.swift */,
			);
			path = CourseDetail;
			sourceTree = "<group>";
		};
		B3A7CA552BCFE41E0049ECFD /* Flows */ = {
			isa = PBXGroup;
			children = (
				B3A7CA562BCFE4350049ECFD /* HomeFlowCoordinator.swift */,
			);
			path = Flows;
			sourceTree = "<group>";
		};
		B3A7CA5C2BCFE5270049ECFD /* Network */ = {
			isa = PBXGroup;
			children = (
			);
			path = Network;
			sourceTree = "<group>";
		};
/* End PBXGroup section */

/* Begin PBXNativeTarget section */
		B3A7CA302BCFC5160049ECFD /* Elcademy */ = {
			isa = PBXNativeTarget;
			buildConfigurationList = B3A7CA442BCFC5170049ECFD /* Build configuration list for PBXNativeTarget "Elcademy" */;
			buildPhases = (
				B3A7CA2D2BCFC5160049ECFD /* Sources */,
				B3A7CA2E2BCFC5160049ECFD /* Frameworks */,
				B3A7CA2F2BCFC5160049ECFD /* Resources */,
			);
			buildRules = (
			);
			dependencies = (
			);
			name = Elcademy;
			productName = Elcademy;
			productReference = B3A7CA312BCFC5160049ECFD /* Elcademy.app */;
			productType = "com.apple.product-type.application";
		};
/* End PBXNativeTarget section */

/* Begin PBXProject section */
		B3A7CA292BCFC5160049ECFD /* Project object */ = {
			isa = PBXProject;
			attributes = {
				BuildIndependentTargetsInParallel = 1;
				LastSwiftUpdateCheck = 1530;
				LastUpgradeCheck = 1530;
				TargetAttributes = {
					B3A7CA302BCFC5160049ECFD = {
						CreatedOnToolsVersion = 15.3;
					};
				};
			};
			buildConfigurationList = B3A7CA2C2BCFC5160049ECFD /* Build configuration list for PBXProject "Elcademy" */;
			compatibilityVersion = "Xcode 14.0";
			developmentRegion = en;
			hasScannedForEncodings = 0;
			knownRegions = (
				en,
				Base,
			);
			mainGroup = B3A7CA282BCFC5160049ECFD;
			productRefGroup = B3A7CA322BCFC5160049ECFD /* Products */;
			projectDirPath = "";
			projectRoot = "";
			targets = (
				B3A7CA302BCFC5160049ECFD /* Elcademy */,
			);
		};
/* End PBXProject section */

/* Begin PBXResourcesBuildPhase section */
		B3A7CA2F2BCFC5160049ECFD /* Resources */ = {
			isa = PBXResourcesBuildPhase;
			buildActionMask = 2147483647;
			files = (
				B3A7CA3C2BCFC5170049ECFD /* Preview Assets.xcassets in Resources */,
				B3A7CA392BCFC5170049ECFD /* Assets.xcassets in Resources */,
			);
			runOnlyForDeploymentPostprocessing = 0;
		};
/* End PBXResourcesBuildPhase section */

/* Begin PBXSourcesBuildPhase section */
		B3A7CA2D2BCFC5160049ECFD /* Sources */ = {
			isa = PBXSourcesBuildPhase;
			buildActionMask = 2147483647;
			files = (
				B3A7CA572BCFE4350049ECFD /* HomeFlowCoordinator.swift in Sources */,
				B3A7CA3E2BCFC5170049ECFD /* Persistence.swift in Sources */,
				B3A7CA522BCFE3720049ECFD /* HomeSceneDIContainer.swift in Sources */,
				B3A7CA412BCFC5170049ECFD /* Elcademy.xcdatamodeld in Sources */,
				B3A7CA5B2BCFE49B0049ECFD /* CourseDetailView.swift in Sources */,
				B3A7CA502BCFE3320049ECFD /* AppDIContainer.swift in Sources */,
				B3A7CA5E2BCFE57D0049ECFD /* AppConfiguration.swift in Sources */,
				B3A7CA592BCFE4830049ECFD /* HomeView.swift in Sources */,
				B3A7CA372BCFC5160049ECFD /* ContentView.swift in Sources */,
				B3A7CA602BCFE6040049ECFD /* AppFlowCoordinator.swift in Sources */,
				B3A7CA352BCFC5160049ECFD /* ElcademyApp.swift in Sources */,
			);
			runOnlyForDeploymentPostprocessing = 0;
		};
/* End PBXSourcesBuildPhase section */

/* Begin XCBuildConfiguration section */
		B3A7CA422BCFC5170049ECFD /* Debug */ = {
			isa = XCBuildConfiguration;
			buildSettings = {
				ALWAYS_SEARCH_USER_PATHS = NO;
				ASSETCATALOG_COMPILER_GENERATE_SWIFT_ASSET_SYMBOL_EXTENSIONS = YES;
				CLANG_ANALYZER_NONNULL = YES;
				CLANG_ANALYZER_NUMBER_OBJECT_CONVERSION = YES_AGGRESSIVE;
				CLANG_CXX_LANGUAGE_STANDARD = "gnu++20";
				CLANG_ENABLE_MODULES = YES;
				CLANG_ENABLE_OBJC_ARC = YES;
				CLANG_ENABLE_OBJC_WEAK = YES;
				CLANG_WARN_BLOCK_CAPTURE_AUTORELEASING = YES;
				CLANG_WARN_BOOL_CONVERSION = YES;
				CLANG_WARN_COMMA = YES;
				CLANG_WARN_CONSTANT_CONVERSION = YES;
				CLANG_WARN_DEPRECATED_OBJC_IMPLEMENTATIONS = YES;
				CLANG_WARN_DIRECT_OBJC_ISA_USAGE = YES_ERROR;
				CLANG_WARN_DOCUMENTATION_COMMENTS = YES;
				CLANG_WARN_EMPTY_BODY = YES;
				CLANG_WARN_ENUM_CONVERSION = YES;
				CLANG_WARN_INFINITE_RECURSION = YES;
				CLANG_WARN_INT_CONVERSION = YES;
				CLANG_WARN_NON_LITERAL_NULL_CONVERSION = YES;
				CLANG_WARN_OBJC_IMPLICIT_RETAIN_SELF = YES;
				CLANG_WARN_OBJC_LITERAL_CONVERSION = YES;
				CLANG_WARN_OBJC_ROOT_CLASS = YES_ERROR;
				CLANG_WARN_QUOTED_INCLUDE_IN_FRAMEWORK_HEADER = YES;
				CLANG_WARN_RANGE_LOOP_ANALYSIS = YES;
				CLANG_WARN_STRICT_PROTOTYPES = YES;
				CLANG_WARN_SUSPICIOUS_MOVE = YES;
				CLANG_WARN_UNGUARDED_AVAILABILITY = YES_AGGRESSIVE;
				CLANG_WARN_UNREACHABLE_CODE = YES;
				CLANG_WARN__DUPLICATE_METHOD_MATCH = YES;
				COPY_PHASE_STRIP = NO;
				DEBUG_INFORMATION_FORMAT = dwarf;
				ENABLE_STRICT_OBJC_MSGSEND = YES;
				ENABLE_TESTABILITY = YES;
				ENABLE_USER_SCRIPT_SANDBOXING = YES;
				GCC_C_LANGUAGE_STANDARD = gnu17;
				GCC_DYNAMIC_NO_PIC = NO;
				GCC_NO_COMMON_BLOCKS = YES;
				GCC_OPTIMIZATION_LEVEL = 0;
				GCC_PREPROCESSOR_DEFINITIONS = (
					"DEBUG=1",
					"$(inherited)",
				);
				GCC_WARN_64_TO_32_BIT_CONVERSION = YES;
				GCC_WARN_ABOUT_RETURN_TYPE = YES_ERROR;
				GCC_WARN_UNDECLARED_SELECTOR = YES;
				GCC_WARN_UNINITIALIZED_AUTOS = YES_AGGRESSIVE;
				GCC_WARN_UNUSED_FUNCTION = YES;
				GCC_WARN_UNUSED_VARIABLE = YES;
				IPHONEOS_DEPLOYMENT_TARGET = 17.4;
				LOCALIZATION_PREFERS_STRING_CATALOGS = YES;
				MTL_ENABLE_DEBUG_INFO = INCLUDE_SOURCE;
				MTL_FAST_MATH = YES;
				ONLY_ACTIVE_ARCH = YES;
				SDKROOT = iphoneos;
				SWIFT_ACTIVE_COMPILATION_CONDITIONS = "DEBUG $(inherited)";
				SWIFT_OPTIMIZATION_LEVEL = "-Onone";
			};
			name = Debug;
		};
		B3A7CA432BCFC5170049ECFD /* Release */ = {
			isa = XCBuildConfiguration;
			buildSettings = {
				ALWAYS_SEARCH_USER_PATHS = NO;
				ASSETCATALOG_COMPILER_GENERATE_SWIFT_ASSET_SYMBOL_EXTENSIONS = YES;
				CLANG_ANALYZER_NONNULL = YES;
				CLANG_ANALYZER_NUMBER_OBJECT_CONVERSION = YES_AGGRESSIVE;
				CLANG_CXX_LANGUAGE_STANDARD = "gnu++20";
				CLANG_ENABLE_MODULES = YES;
				CLANG_ENABLE_OBJC_ARC = YES;
				CLANG_ENABLE_OBJC_WEAK = YES;
				CLANG_WARN_BLOCK_CAPTURE_AUTORELEASING = YES;
				CLANG_WARN_BOOL_CONVERSION = YES;
				CLANG_WARN_COMMA = YES;
				CLANG_WARN_CONSTANT_CONVERSION = YES;
				CLANG_WARN_DEPRECATED_OBJC_IMPLEMENTATIONS = YES;
				CLANG_WARN_DIRECT_OBJC_ISA_USAGE = YES_ERROR;
				CLANG_WARN_DOCUMENTATION_COMMENTS = YES;
				CLANG_WARN_EMPTY_BODY = YES;
				CLANG_WARN_ENUM_CONVERSION = YES;
				CLANG_WARN_INFINITE_RECURSION = YES;
				CLANG_WARN_INT_CONVERSION = YES;
				CLANG_WARN_NON_LITERAL_NULL_CONVERSION = YES;
				CLANG_WARN_OBJC_IMPLICIT_RETAIN_SELF = YES;
				CLANG_WARN_OBJC_LITERAL_CONVERSION = YES;
				CLANG_WARN_OBJC_ROOT_CLASS = YES_ERROR;
				CLANG_WARN_QUOTED_INCLUDE_IN_FRAMEWORK_HEADER = YES;
				CLANG_WARN_RANGE_LOOP_ANALYSIS = YES;
				CLANG_WARN_STRICT_PROTOTYPES = YES;
				CLANG_WARN_SUSPICIOUS_MOVE = YES;
				CLANG_WARN_UNGUARDED_AVAILABILITY = YES_AGGRESSIVE;
				CLANG_WARN_UNREACHABLE_CODE = YES;
				CLANG_WARN__DUPLICATE_METHOD_MATCH = YES;
				COPY_PHASE_STRIP = NO;
				DEBUG_INFORMATION_FORMAT = "dwarf-with-dsym";
				ENABLE_NS_ASSERTIONS = NO;
				ENABLE_STRICT_OBJC_MSGSEND = YES;
				ENABLE_USER_SCRIPT_SANDBOXING = YES;
				GCC_C_LANGUAGE_STANDARD = gnu17;
				GCC_NO_COMMON_BLOCKS = YES;
				GCC_WARN_64_TO_32_BIT_CONVERSION = YES;
				GCC_WARN_ABOUT_RETURN_TYPE = YES_ERROR;
				GCC_WARN_UNDECLARED_SELECTOR = YES;
				GCC_WARN_UNINITIALIZED_AUTOS = YES_AGGRESSIVE;
				GCC_WARN_UNUSED_FUNCTION = YES;
				GCC_WARN_UNUSED_VARIABLE = YES;
				IPHONEOS_DEPLOYMENT_TARGET = 17.4;
				LOCALIZATION_PREFERS_STRING_CATALOGS = YES;
				MTL_ENABLE_DEBUG_INFO = NO;
				MTL_FAST_MATH = YES;
				SDKROOT = iphoneos;
				SWIFT_COMPILATION_MODE = wholemodule;
				VALIDATE_PRODUCT = YES;
			};
			name = Release;
		};
		B3A7CA452BCFC5170049ECFD /* Debug */ = {
			isa = XCBuildConfiguration;
			buildSettings = {
				ASSETCATALOG_COMPILER_APPICON_NAME = AppIcon;
				ASSETCATALOG_COMPILER_GLOBAL_ACCENT_COLOR_NAME = AccentColor;
				CODE_SIGN_STYLE = Automatic;
				CURRENT_PROJECT_VERSION = 1;
				DEVELOPMENT_ASSET_PATHS = "\"Elcademy/Preview Content\"";
				DEVELOPMENT_TEAM = M75V4ZN69S;
				ENABLE_PREVIEWS = YES;
				GENERATE_INFOPLIST_FILE = YES;
				INFOPLIST_KEY_UIApplicationSceneManifest_Generation = YES;
				INFOPLIST_KEY_UIApplicationSupportsIndirectInputEvents = YES;
				INFOPLIST_KEY_UILaunchScreen_Generation = YES;
				INFOPLIST_KEY_UISupportedInterfaceOrientations_iPad = "UIInterfaceOrientationPortrait UIInterfaceOrientationPortraitUpsideDown UIInterfaceOrientationLandscapeLeft UIInterfaceOrientationLandscapeRight";
				INFOPLIST_KEY_UISupportedInterfaceOrientations_iPhone = "UIInterfaceOrientationPortrait UIInterfaceOrientationLandscapeLeft UIInterfaceOrientationLandscapeRight";
				LD_RUNPATH_SEARCH_PATHS = (
					"$(inherited)",
					"@executable_path/Frameworks",
				);
				MARKETING_VERSION = 1.0;
				PRODUCT_BUNDLE_IDENTIFIER = leo.Elcademy;
				PRODUCT_NAME = "$(TARGET_NAME)";
				SWIFT_EMIT_LOC_STRINGS = YES;
				SWIFT_VERSION = 5.0;
				TARGETED_DEVICE_FAMILY = "1,2";
			};
			name = Debug;
		};
		B3A7CA462BCFC5170049ECFD /* Release */ = {
			isa = XCBuildConfiguration;
			buildSettings = {
				ASSETCATALOG_COMPILER_APPICON_NAME = AppIcon;
				ASSETCATALOG_COMPILER_GLOBAL_ACCENT_COLOR_NAME = AccentColor;
				CODE_SIGN_STYLE = Automatic;
				CURRENT_PROJECT_VERSION = 1;
				DEVELOPMENT_ASSET_PATHS = "\"Elcademy/Preview Content\"";
				DEVELOPMENT_TEAM = M75V4ZN69S;
				ENABLE_PREVIEWS = YES;
				GENERATE_INFOPLIST_FILE = YES;
				INFOPLIST_KEY_UIApplicationSceneManifest_Generation = YES;
				INFOPLIST_KEY_UIApplicationSupportsIndirectInputEvents = YES;
				INFOPLIST_KEY_UILaunchScreen_Generation = YES;
				INFOPLIST_KEY_UISupportedInterfaceOrientations_iPad = "UIInterfaceOrientationPortrait UIInterfaceOrientationPortraitUpsideDown UIInterfaceOrientationLandscapeLeft UIInterfaceOrientationLandscapeRight";
				INFOPLIST_KEY_UISupportedInterfaceOrientations_iPhone = "UIInterfaceOrientationPortrait UIInterfaceOrientationLandscapeLeft UIInterfaceOrientationLandscapeRight";
				LD_RUNPATH_SEARCH_PATHS = (
					"$(inherited)",
					"@executable_path/Frameworks",
				);
				MARKETING_VERSION = 1.0;
				PRODUCT_BUNDLE_IDENTIFIER = leo.Elcademy;
				PRODUCT_NAME = "$(TARGET_NAME)";
				SWIFT_EMIT_LOC_STRINGS = YES;
				SWIFT_VERSION = 5.0;
				TARGETED_DEVICE_FAMILY = "1,2";
			};
			name = Release;
		};
/* End XCBuildConfiguration section */

/* Begin XCConfigurationList section */
		B3A7CA2C2BCFC5160049ECFD /* Build configuration list for PBXProject "Elcademy" */ = {
			isa = XCConfigurationList;
			buildConfigurations = (
				B3A7CA422BCFC5170049ECFD /* Debug */,
				B3A7CA432BCFC5170049ECFD /* Release */,
			);
			defaultConfigurationIsVisible = 0;
			defaultConfigurationName = Release;
		};
		B3A7CA442BCFC5170049ECFD /* Build configuration list for PBXNativeTarget "Elcademy" */ = {
			isa = XCConfigurationList;
			buildConfigurations = (
				B3A7CA452BCFC5170049ECFD /* Debug */,
				B3A7CA462BCFC5170049ECFD /* Release */,
			);
			defaultConfigurationIsVisible = 0;
			defaultConfigurationName = Release;
		};
/* End XCConfigurationList section */

/* Begin XCVersionGroup section */
		B3A7CA3F2BCFC5170049ECFD /* Elcademy.xcdatamodeld */ = {
			isa = XCVersionGroup;
			children = (
				B3A7CA402BCFC5170049ECFD /* Elcademy.xcdatamodel */,
			);
			currentVersion = B3A7CA402BCFC5170049ECFD /* Elcademy.xcdatamodel */;
			path = Elcademy.xcdatamodeld;
			sourceTree = "<group>";
			versionGroupType = wrapper.xcdatamodel;
		};
/* End XCVersionGroup section */
	};
	rootObject = B3A7CA292BCFC5160049ECFD /* Project object */;
}
